
Microsoft Visual Studio Solution File, Format Version 12.00
# Visual Studio Version 17
VisualStudioVersion = 17.0.32126.317
MinimumVisualStudioVersion = 10.0.40219.1
Project("{9A19103F-16F7-4668-BE54-9A1E7A4F7556}") = "Kalliope", "Kalliope\Kalliope.csproj", "{930131F9-56D7-4BDC-A6EB-D31FBBDD05D4}"
EndProject
Project("{2150E333-8FDC-42A3-9474-1A3956D46DE8}") = "Solution Items", "Solution Items", "{34536302-3F65-4E22-809F-FF439E85AE6B}"
	ProjectSection(SolutionItems) = preProject
		CODE_OF_CONDUCT.md = CODE_OF_CONDUCT.md
		LICENSE = LICENSE
		NOTICE = NOTICE
		README.md = README.md
	EndProjectSection
EndProject
Project("{9A19103F-16F7-4668-BE54-9A1E7A4F7556}") = "Kalliope.Generator", "Kalliope.Generator\Kalliope.Generator.csproj", "{553B59EB-B9CD-4651-A9AE-2EB161F5A2A1}"
EndProject
Project("{9A19103F-16F7-4668-BE54-9A1E7A4F7556}") = "Kalliope.Generator.Tests", "Kalliope.Generator.Tests\Kalliope.Generator.Tests.csproj", "{74BD3A78-F2E1-40E7-8D15-DE34747697AA}"
EndProject
Project("{9A19103F-16F7-4668-BE54-9A1E7A4F7556}") = "Kalliope.DTO", "Kalliope.DTO\Kalliope.DTO.csproj", "{8209FA56-3751-4D22-A354-353C14F6DF93}"
EndProject
Project("{9A19103F-16F7-4668-BE54-9A1E7A4F7556}") = "Kalliope.Common", "Kalliope.Common\Kalliope.Common.csproj", "{3777443A-BF52-4A6D-B4D1-7F1342A15DBB}"
EndProject
Project("{9A19103F-16F7-4668-BE54-9A1E7A4F7556}") = "Kalliope.Xml", "Kalliope.Xml\Kalliope.Xml.csproj", "{09817B1D-8ECD-4A6B-A689-5CDCD8914D66}"
EndProject
Project("{9A19103F-16F7-4668-BE54-9A1E7A4F7556}") = "Kalliope.Xml.Tests", "Kalliope.Xml.Tests\Kalliope.Xml.Tests.csproj", "{B67E8F3F-A999-44A3-9749-614CFE2EE14D}"
EndProject
Project("{9A19103F-16F7-4668-BE54-9A1E7A4F7556}") = "Kalliope.Dal", "Kalliope.Dal\Kalliope.Dal.csproj", "{22578B43-5610-478D-8D4E-3300A24424E8}"
EndProject
Project("{2150E333-8FDC-42A3-9474-1A3956D46DE8}") = "workflows", "workflows", "{B8EFE2C0-70AA-4B3A-A641-DC28E29A4C7F}"
	ProjectSection(SolutionItems) = preProject
		.github\workflows\codeql-analysis.yml = .github\workflows\codeql-analysis.yml
		.github\workflows\CodeQuality.yml = .github\workflows\CodeQuality.yml
	EndProjectSection
EndProject
Global
	GlobalSection(SolutionConfigurationPlatforms) = preSolution
		Debug|Any CPU = Debug|Any CPU
		Release|Any CPU = Release|Any CPU
	EndGlobalSection
	GlobalSection(ProjectConfigurationPlatforms) = postSolution
		{930131F9-56D7-4BDC-A6EB-D31FBBDD05D4}.Debug|Any CPU.ActiveCfg = Debug|Any CPU
		{930131F9-56D7-4BDC-A6EB-D31FBBDD05D4}.Debug|Any CPU.Build.0 = Debug|Any CPU
		{930131F9-56D7-4BDC-A6EB-D31FBBDD05D4}.Release|Any CPU.ActiveCfg = Release|Any CPU
		{930131F9-56D7-4BDC-A6EB-D31FBBDD05D4}.Release|Any CPU.Build.0 = Release|Any CPU
		{553B59EB-B9CD-4651-A9AE-2EB161F5A2A1}.Debug|Any CPU.ActiveCfg = Debug|Any CPU
		{553B59EB-B9CD-4651-A9AE-2EB161F5A2A1}.Debug|Any CPU.Build.0 = Debug|Any CPU
		{553B59EB-B9CD-4651-A9AE-2EB161F5A2A1}.Release|Any CPU.ActiveCfg = Release|Any CPU
		{553B59EB-B9CD-4651-A9AE-2EB161F5A2A1}.Release|Any CPU.Build.0 = Release|Any CPU
		{74BD3A78-F2E1-40E7-8D15-DE34747697AA}.Debug|Any CPU.ActiveCfg = Debug|Any CPU
		{74BD3A78-F2E1-40E7-8D15-DE34747697AA}.Debug|Any CPU.Build.0 = Debug|Any CPU
		{74BD3A78-F2E1-40E7-8D15-DE34747697AA}.Release|Any CPU.ActiveCfg = Release|Any CPU
		{74BD3A78-F2E1-40E7-8D15-DE34747697AA}.Release|Any CPU.Build.0 = Release|Any CPU
		{8209FA56-3751-4D22-A354-353C14F6DF93}.Debug|Any CPU.ActiveCfg = Debug|Any CPU
		{8209FA56-3751-4D22-A354-353C14F6DF93}.Debug|Any CPU.Build.0 = Debug|Any CPU
		{8209FA56-3751-4D22-A354-353C14F6DF93}.Release|Any CPU.ActiveCfg = Release|Any CPU
		{8209FA56-3751-4D22-A354-353C14F6DF93}.Release|Any CPU.Build.0 = Release|Any CPU
		{3777443A-BF52-4A6D-B4D1-7F1342A15DBB}.Debug|Any CPU.ActiveCfg = Debug|Any CPU
		{3777443A-BF52-4A6D-B4D1-7F1342A15DBB}.Debug|Any CPU.Build.0 = Debug|Any CPU
		{3777443A-BF52-4A6D-B4D1-7F1342A15DBB}.Release|Any CPU.ActiveCfg = Release|Any CPU
		{3777443A-BF52-4A6D-B4D1-7F1342A15DBB}.Release|Any CPU.Build.0 = Release|Any CPU
		{09817B1D-8ECD-4A6B-A689-5CDCD8914D66}.Debug|Any CPU.ActiveCfg = Debug|Any CPU
		{09817B1D-8ECD-4A6B-A689-5CDCD8914D66}.Debug|Any CPU.Build.0 = Debug|Any CPU
		{09817B1D-8ECD-4A6B-A689-5CDCD8914D66}.Release|Any CPU.ActiveCfg = Release|Any CPU
		{09817B1D-8ECD-4A6B-A689-5CDCD8914D66}.Release|Any CPU.Build.0 = Release|Any CPU
		{B67E8F3F-A999-44A3-9749-614CFE2EE14D}.Debug|Any CPU.ActiveCfg = Debug|Any CPU
		{B67E8F3F-A999-44A3-9749-614CFE2EE14D}.Debug|Any CPU.Build.0 = Debug|Any CPU
		{B67E8F3F-A999-44A3-9749-614CFE2EE14D}.Release|Any CPU.ActiveCfg = Release|Any CPU
		{B67E8F3F-A999-44A3-9749-614CFE2EE14D}.Release|Any CPU.Build.0 = Release|Any CPU
		{22578B43-5610-478D-8D4E-3300A24424E8}.Debug|Any CPU.ActiveCfg = Debug|Any CPU
		{22578B43-5610-478D-8D4E-3300A24424E8}.Debug|Any CPU.Build.0 = Debug|Any CPU
		{22578B43-5610-478D-8D4E-3300A24424E8}.Release|Any CPU.ActiveCfg = Release|Any CPU
		{22578B43-5610-478D-8D4E-3300A24424E8}.Release|Any CPU.Build.0 = Release|Any CPU
	EndGlobalSection
	GlobalSection(SolutionProperties) = preSolution
		HideSolutionNode = FALSE
	EndGlobalSection
	GlobalSection(NestedProjects) = preSolution
		{B8EFE2C0-70AA-4B3A-A641-DC28E29A4C7F} = {34536302-3F65-4E22-809F-FF439E85AE6B}
	EndGlobalSection
	GlobalSection(ExtensibilityGlobals) = postSolution
		SolutionGuid = {DFF94B8C-FBEB-4A78-9CB3-32E78AF66C36}
	EndGlobalSection
EndGlobal
